
Microsoft Visual Studio Solution File, Format Version 12.00
# Visual Studio Version 16
VisualStudioVersion = 16.0.31702.278
MinimumVisualStudioVersion = 10.0.40219.1
Project("{FAE04EC0-301F-11D3-BF4B-00C04F79EFBC}") = "3", "3\3.csproj", "{102AE6DF-DA5E-417F-8C2B-E57AFB646F4F}"
EndProject
Global
	GlobalSection(SolutionConfigurationPlatforms) = preSolution
		Debug|Any CPU = Debug|Any CPU
		Release|Any CPU = Release|Any CPU
	EndGlobalSection
	GlobalSection(ProjectConfigurationPlatforms) = postSolution
		{102AE6DF-DA5E-417F-8C2B-E57AFB646F4F}.Debug|Any CPU.ActiveCfg = Debug|Any CPU
		{102AE6DF-DA5E-417F-8C2B-E57AFB646F4F}.Debug|Any CPU.Build.0 = Debug|Any CPU
		{102AE6DF-DA5E-417F-8C2B-E57AFB646F4F}.Release|Any CPU.ActiveCfg = Release|Any CPU
		{102AE6DF-DA5E-417F-8C2B-E57AFB646F4F}.Release|Any CPU.Build.0 = Release|Any CPU
	EndGlobalSection
	GlobalSection(SolutionProperties) = preSolution
		HideSolutionNode = FALSE
	EndGlobalSection
	GlobalSection(ExtensibilityGlobals) = postSolution
		SolutionGuid = {26D1E144-A970-436D-80DC-D65370013558}
	EndGlobalSection
EndGlobal
